// !$*UTF8*$!
{
	archiveVersion = 1;
	classes = {
	};
	objectVersion = 48;
	objects = {

/* Begin PBXBuildFile section */
		153C55A41F826F790008B223 /* AppDelegate.m in Sources */ = {isa = PBXBuildFile; fileRef = 153C55A31F826F790008B223 /* AppDelegate.m */; };
		153C55AA1F826F790008B223 /* Main.storyboard in Resources */ = {isa = PBXBuildFile; fileRef = 153C55A81F826F790008B223 /* Main.storyboard */; };
		153C55AC1F826F790008B223 /* Assets.xcassets in Resources */ = {isa = PBXBuildFile; fileRef = 153C55AB1F826F790008B223 /* Assets.xcassets */; };
		153C55AF1F826F790008B223 /* LaunchScreen.storyboard in Resources */ = {isa = PBXBuildFile; fileRef = 153C55AD1F826F790008B223 /* LaunchScreen.storyboard */; };
		153C55B21F826F790008B223 /* main.m in Sources */ = {isa = PBXBuildFile; fileRef = 153C55B11F826F790008B223 /* main.m */; };
		153C55BD1F8275380008B223 /* DataManager.m in Sources */ = {isa = PBXBuildFile; fileRef = 153C55BC1F8275380008B223 /* DataManager.m */; };
		153C55C61F827D290008B223 /* Spot.m in Sources */ = {isa = PBXBuildFile; fileRef = 153C55C51F827D290008B223 /* Spot.m */; };
		15678AC01F82AABF0053AD6A /* SpotsCollectionViewController.m in Sources */ = {isa = PBXBuildFile; fileRef = 15678ABF1F82AABF0053AD6A /* SpotsCollectionViewController.m */; };
		15678AC31F82AE3A0053AD6A /* SpotCollectionViewCell.m in Sources */ = {isa = PBXBuildFile; fileRef = 15678AC21F82AE3A0053AD6A /* SpotCollectionViewCell.m */; };
		15E53D681F834F8F006D96C8 /* LGHorizontalLinearFlowLayout.m in Sources */ = {isa = PBXBuildFile; fileRef = 15E53D671F834F8F006D96C8 /* LGHorizontalLinearFlowLayout.m */; };
		6406CDFF2E7823DC2ECA02C6 /* libPods-DigitalDriftPractice.a in Frameworks */ = {isa = PBXBuildFile; fileRef = 5012B079C02337A56186B183 /* libPods-DigitalDriftPractice.a */; };
/* End PBXBuildFile section */

/* Begin PBXFileReference section */
		153C559F1F826F790008B223 /* DigitalDriftPractice.app */ = {isa = PBXFileReference; explicitFileType = wrapper.application; includeInIndex = 0; path = DigitalDriftPractice.app; sourceTree = BUILT_PRODUCTS_DIR; };
		153C55A21F826F790008B223 /* AppDelegate.h */ = {isa = PBXFileReference; lastKnownFileType = sourcecode.c.h; path = AppDelegate.h; sourceTree = "<group>"; };
		153C55A31F826F790008B223 /* AppDelegate.m */ = {isa = PBXFileReference; lastKnownFileType = sourcecode.c.objc; path = AppDelegate.m; sourceTree = "<group>"; };
		153C55A91F826F790008B223 /* Base */ = {isa = PBXFileReference; lastKnownFileType = file.storyboard; name = Base; path = Base.lproj/Main.storyboard; sourceTree = "<group>"; };
		153C55AB1F826F790008B223 /* Assets.xcassets */ = {isa = PBXFileReference; lastKnownFileType = folder.assetcatalog; path = Assets.xcassets; sourceTree = "<group>"; };
		153C55AE1F826F790008B223 /* Base */ = {isa = PBXFileReference; lastKnownFileType = file.storyboard; name = Base; path = Base.lproj/LaunchScreen.storyboard; sourceTree = "<group>"; };
		153C55B01F826F790008B223 /* Info.plist */ = {isa = PBXFileReference; lastKnownFileType = text.plist.xml; path = Info.plist; sourceTree = "<group>"; };
		153C55B11F826F790008B223 /* main.m */ = {isa = PBXFileReference; lastKnownFileType = sourcecode.c.objc; path = main.m; sourceTree = "<group>"; };
		153C55BB1F8275380008B223 /* DataManager.h */ = {isa = PBXFileReference; lastKnownFileType = sourcecode.c.h; path = DataManager.h; sourceTree = "<group>"; };
		153C55BC1F8275380008B223 /* DataManager.m */ = {isa = PBXFileReference; lastKnownFileType = sourcecode.c.objc; path = DataManager.m; sourceTree = "<group>"; };
		153C55C41F827D290008B223 /* Spot.h */ = {isa = PBXFileReference; lastKnownFileType = sourcecode.c.h; path = Spot.h; sourceTree = "<group>"; };
		153C55C51F827D290008B223 /* Spot.m */ = {isa = PBXFileReference; lastKnownFileType = sourcecode.c.objc; path = Spot.m; sourceTree = "<group>"; };
		15678ABE1F82AABF0053AD6A /* SpotsCollectionViewController.h */ = {isa = PBXFileReference; lastKnownFileType = sourcecode.c.h; path = SpotsCollectionViewController.h; sourceTree = "<group>"; };
		15678ABF1F82AABF0053AD6A /* SpotsCollectionViewController.m */ = {isa = PBXFileReference; lastKnownFileType = sourcecode.c.objc; path = SpotsCollectionViewController.m; sourceTree = "<group>"; };
		15678AC11F82AE3A0053AD6A /* SpotCollectionViewCell.h */ = {isa = PBXFileReference; lastKnownFileType = sourcecode.c.h; path = SpotCollectionViewCell.h; sourceTree = "<group>"; };
		15678AC21F82AE3A0053AD6A /* SpotCollectionViewCell.m */ = {isa = PBXFileReference; lastKnownFileType = sourcecode.c.objc; path = SpotCollectionViewCell.m; sourceTree = "<group>"; };
		15E53D661F834F8E006D96C8 /* LGHorizontalLinearFlowLayout.h */ = {isa = PBXFileReference; lastKnownFileType = sourcecode.c.h; path = LGHorizontalLinearFlowLayout.h; sourceTree = "<group>"; };
		15E53D671F834F8F006D96C8 /* LGHorizontalLinearFlowLayout.m */ = {isa = PBXFileReference; lastKnownFileType = sourcecode.c.objc; path = LGHorizontalLinearFlowLayout.m; sourceTree = "<group>"; };
		39F6D25664F3FF6AE541DDDF /* Pods-DigitalDriftPractice.release.xcconfig */ = {isa = PBXFileReference; includeInIndex = 1; lastKnownFileType = text.xcconfig; name = "Pods-DigitalDriftPractice.release.xcconfig"; path = "Pods/Target Support Files/Pods-DigitalDriftPractice/Pods-DigitalDriftPractice.release.xcconfig"; sourceTree = "<group>"; };
		5012B079C02337A56186B183 /* libPods-DigitalDriftPractice.a */ = {isa = PBXFileReference; explicitFileType = archive.ar; includeInIndex = 0; path = "libPods-DigitalDriftPractice.a"; sourceTree = BUILT_PRODUCTS_DIR; };
		9B44CAD9D35EFE6DF9904979 /* Pods-DigitalDriftPractice.debug.xcconfig */ = {isa = PBXFileReference; includeInIndex = 1; lastKnownFileType = text.xcconfig; name = "Pods-DigitalDriftPractice.debug.xcconfig"; path = "Pods/Target Support Files/Pods-DigitalDriftPractice/Pods-DigitalDriftPractice.debug.xcconfig"; sourceTree = "<group>"; };
/* End PBXFileReference section */

/* Begin PBXFrameworksBuildPhase section */
		153C559C1F826F780008B223 /* Frameworks */ = {
			isa = PBXFrameworksBuildPhase;
			buildActionMask = 2147483647;
			files = (
				6406CDFF2E7823DC2ECA02C6 /* libPods-DigitalDriftPractice.a in Frameworks */,
			);
			runOnlyForDeploymentPostprocessing = 0;
		};
/* End PBXFrameworksBuildPhase section */

/* Begin PBXGroup section */
		153C55961F826F780008B223 = {
			isa = PBXGroup;
			children = (
				153C55A11F826F790008B223 /* DigitalDriftPractice */,
				153C55A01F826F790008B223 /* Products */,
				7655C80ECF81138936112AA7 /* Pods */,
				DD15AD05169CBE00C51BB9C1 /* Frameworks */,
			);
			sourceTree = "<group>";
		};
		153C55A01F826F790008B223 /* Products */ = {
			isa = PBXGroup;
			children = (
				153C559F1F826F790008B223 /* DigitalDriftPractice.app */,
			);
			name = Products;
			sourceTree = "<group>";
		};
		153C55A11F826F790008B223 /* DigitalDriftPractice */ = {
			isa = PBXGroup;
			children = (
				153C55A21F826F790008B223 /* AppDelegate.h */,
				153C55A31F826F790008B223 /* AppDelegate.m */,
				15F906781F82C1E000DDFDB8 /* Model */,
				15F906791F82C1F500DDFDB8 /* View */,
				15F9067A1F82C20600DDFDB8 /* Controller */,
				153C55A81F826F790008B223 /* Main.storyboard */,
				153C55AB1F826F790008B223 /* Assets.xcassets */,
				153C55AD1F826F790008B223 /* LaunchScreen.storyboard */,
				153C55B01F826F790008B223 /* Info.plist */,
				153C55B11F826F790008B223 /* main.m */,
			);
			path = DigitalDriftPractice;
			sourceTree = "<group>";
		};
		15F906781F82C1E000DDFDB8 /* Model */ = {
			isa = PBXGroup;
			children = (
				153C55BB1F8275380008B223 /* DataManager.h */,
				153C55BC1F8275380008B223 /* DataManager.m */,
				153C55C41F827D290008B223 /* Spot.h */,
				153C55C51F827D290008B223 /* Spot.m */,
			);
			path = Model;
			sourceTree = "<group>";
		};
		15F906791F82C1F500DDFDB8 /* View */ = {
			isa = PBXGroup;
			children = (
				15E53D661F834F8E006D96C8 /* LGHorizontalLinearFlowLayout.h */,
				15E53D671F834F8F006D96C8 /* LGHorizontalLinearFlowLayout.m */,
				15678AC11F82AE3A0053AD6A /* SpotCollectionViewCell.h */,
				15678AC21F82AE3A0053AD6A /* SpotCollectionViewCell.m */,
			);
			path = View;
			sourceTree = "<group>";
		};
		15F9067A1F82C20600DDFDB8 /* Controller */ = {
			isa = PBXGroup;
			children = (
				15678ABE1F82AABF0053AD6A /* SpotsCollectionViewController.h */,
				15678ABF1F82AABF0053AD6A /* SpotsCollectionViewController.m */,
			);
			path = Controller;
			sourceTree = "<group>";
		};
		7655C80ECF81138936112AA7 /* Pods */ = {
			isa = PBXGroup;
			children = (
				9B44CAD9D35EFE6DF9904979 /* Pods-DigitalDriftPractice.debug.xcconfig */,
				39F6D25664F3FF6AE541DDDF /* Pods-DigitalDriftPractice.release.xcconfig */,
			);
			name = Pods;
			sourceTree = "<group>";
		};
		DD15AD05169CBE00C51BB9C1 /* Frameworks */ = {
			isa = PBXGroup;
			children = (
				5012B079C02337A56186B183 /* libPods-DigitalDriftPractice.a */,
			);
			name = Frameworks;
			sourceTree = "<group>";
		};
/* End PBXGroup section */

/* Begin PBXNativeTarget section */
		153C559E1F826F780008B223 /* DigitalDriftPractice */ = {
			isa = PBXNativeTarget;
			buildConfigurationList = 153C55B51F826F790008B223 /* Build configuration list for PBXNativeTarget "DigitalDriftPractice" */;
			buildPhases = (
				C0D745EAE6676126B9DBADD2 /* [CP] Check Pods Manifest.lock */,
				153C559B1F826F780008B223 /* Sources */,
				153C559C1F826F780008B223 /* Frameworks */,
				153C559D1F826F780008B223 /* Resources */,
				5F917175D4B21C5971B14E60 /* [CP] Embed Pods Frameworks */,
				3B1B587C81F64A92EBEAFCAB /* [CP] Copy Pods Resources */,
			);
			buildRules = (
			);
			dependencies = (
			);
			name = DigitalDriftPractice;
			productName = DigitalDriftPractice;
			productReference = 153C559F1F826F790008B223 /* DigitalDriftPractice.app */;
			productType = "com.apple.product-type.application";
		};
/* End PBXNativeTarget section */

/* Begin PBXProject section */
		153C55971F826F780008B223 /* Project object */ = {
			isa = PBXProject;
			attributes = {
				LastUpgradeCheck = 0900;
				ORGANIZATIONNAME = "Francis Tseng";
				TargetAttributes = {
					153C559E1F826F780008B223 = {
						CreatedOnToolsVersion = 9.0;
						ProvisioningStyle = Automatic;
					};
				};
			};
			buildConfigurationList = 153C559A1F826F780008B223 /* Build configuration list for PBXProject "DigitalDriftPractice" */;
			compatibilityVersion = "Xcode 8.0";
			developmentRegion = en;
			hasScannedForEncodings = 0;
			knownRegions = (
				en,
				Base,
			);
			mainGroup = 153C55961F826F780008B223;
			productRefGroup = 153C55A01F826F790008B223 /* Products */;
			projectDirPath = "";
			projectRoot = "";
			targets = (
				153C559E1F826F780008B223 /* DigitalDriftPractice */,
			);
		};
/* End PBXProject section */

/* Begin PBXResourcesBuildPhase section */
		153C559D1F826F780008B223 /* Resources */ = {
			isa = PBXResourcesBuildPhase;
			buildActionMask = 2147483647;
			files = (
				153C55AF1F826F790008B223 /* LaunchScreen.storyboard in Resources */,
				153C55AC1F826F790008B223 /* Assets.xcassets in Resources */,
				153C55AA1F826F790008B223 /* Main.storyboard in Resources */,
			);
			runOnlyForDeploymentPostprocessing = 0;
		};
/* End PBXResourcesBuildPhase section */

/* Begin PBXShellScriptBuildPhase section */
		3B1B587C81F64A92EBEAFCAB /* [CP] Copy Pods Resources */ = {
			isa = PBXShellScriptBuildPhase;
			buildActionMask = 2147483647;
			files = (
			);
			inputPaths = (
			);
			name = "[CP] Copy Pods Resources";
			outputPaths = (
			);
			runOnlyForDeploymentPostprocessing = 0;
			shellPath = /bin/sh;
			shellScript = "\"${SRCROOT}/Pods/Target Support Files/Pods-DigitalDriftPractice/Pods-DigitalDriftPractice-resources.sh\"\n";
			showEnvVarsInLog = 0;
		};
		5F917175D4B21C5971B14E60 /* [CP] Embed Pods Frameworks */ = {
			isa = PBXShellScriptBuildPhase;
			buildActionMask = 2147483647;
			files = (
			);
			inputPaths = (
			);
			name = "[CP] Embed Pods Frameworks";
			outputPaths = (
			);
			runOnlyForDeploymentPostprocessing = 0;
			shellPath = /bin/sh;
			shellScript = "\"${SRCROOT}/Pods/Target Support Files/Pods-DigitalDriftPractice/Pods-DigitalDriftPractice-frameworks.sh\"\n";
			showEnvVarsInLog = 0;
		};
		C0D745EAE6676126B9DBADD2 /* [CP] Check Pods Manifest.lock */ = {
			isa = PBXShellScriptBuildPhase;
			buildActionMask = 2147483647;
			files = (
			);
			inputPaths = (
				"${PODS_PODFILE_DIR_PATH}/Podfile.lock",
				"${PODS_ROOT}/Manifest.lock",
			);
			name = "[CP] Check Pods Manifest.lock";
			outputPaths = (
				"$(DERIVED_FILE_DIR)/Pods-DigitalDriftPractice-checkManifestLockResult.txt",
			);
			runOnlyForDeploymentPostprocessing = 0;
			shellPath = /bin/sh;
			shellScript = "diff \"${PODS_PODFILE_DIR_PATH}/Podfile.lock\" \"${PODS_ROOT}/Manifest.lock\" > /dev/null\nif [ $? != 0 ] ; then\n    # print error to STDERR\n    echo \"error: The sandbox is not in sync with the Podfile.lock. Run 'pod install' or update your CocoaPods installation.\" >&2\n    exit 1\nfi\n# This output is used by Xcode 'outputs' to avoid re-running this script phase.\necho \"SUCCESS\" > \"${SCRIPT_OUTPUT_FILE_0}\"\n";
			showEnvVarsInLog = 0;
		};
/* End PBXShellScriptBuildPhase section */

/* Begin PBXSourcesBuildPhase section */
		153C559B1F826F780008B223 /* Sources */ = {
			isa = PBXSourcesBuildPhase;
			buildActionMask = 2147483647;
			files = (
				15678AC01F82AABF0053AD6A /* SpotsCollectionViewController.m in Sources */,
				153C55C61F827D290008B223 /* Spot.m in Sources */,
				153C55BD1F8275380008B223 /* DataManager.m in Sources */,
				15678AC31F82AE3A0053AD6A /* SpotCollectionViewCell.m in Sources */,
				153C55B21F826F790008B223 /* main.m in Sources */,
				15E53D681F834F8F006D96C8 /* LGHorizontalLinearFlowLayout.m in Sources */,
				153C55A41F826F790008B223 /* AppDelegate.m in Sources */,
			);
			runOnlyForDeploymentPostprocessing = 0;
		};
/* End PBXSourcesBuildPhase section */

/* Begin PBXVariantGroup section */
		153C55A81F826F790008B223 /* Main.storyboard */ = {
			isa = PBXVariantGroup;
			children = (
				153C55A91F826F790008B223 /* Base */,
			);
			name = Main.storyboard;
			sourceTree = "<group>";
		};
		153C55AD1F826F790008B223 /* LaunchScreen.storyboard */ = {
			isa = PBXVariantGroup;
			children = (
				153C55AE1F826F790008B223 /* Base */,
			);
			name = LaunchScreen.storyboard;
			sourceTree = "<group>";
		};
/* End PBXVariantGroup section */

/* Begin XCBuildConfiguration section */
		153C55B31F826F790008B223 /* Debug */ = {
			isa = XCBuildConfiguration;
			buildSettings = {
				ALWAYS_SEARCH_USER_PATHS = NO;
				CLANG_ANALYZER_NONNULL = YES;
				CLANG_ANALYZER_NUMBER_OBJECT_CONVERSION = YES_AGGRESSIVE;
				CLANG_CXX_LANGUAGE_STANDARD = "gnu++14";
				CLANG_CXX_LIBRARY = "libc++";
				CLANG_ENABLE_MODULES = YES;
				CLANG_ENABLE_OBJC_ARC = YES;
				CLANG_WARN_BLOCK_CAPTURE_AUTORELEASING = YES;
				CLANG_WARN_BOOL_CONVERSION = YES;
				CLANG_WARN_COMMA = YES;
				CLANG_WARN_CONSTANT_CONVERSION = YES;
				CLANG_WARN_DIRECT_OBJC_ISA_USAGE = YES_ERROR;
				CLANG_WARN_DOCUMENTATION_COMMENTS = YES;
				CLANG_WARN_EMPTY_BODY = YES;
				CLANG_WARN_ENUM_CONVERSION = YES;
				CLANG_WARN_INFINITE_RECURSION = YES;
				CLANG_WARN_INT_CONVERSION = YES;
				CLANG_WARN_NON_LITERAL_NULL_CONVERSION = YES;
				CLANG_WARN_OBJC_LITERAL_CONVERSION = YES;
				CLANG_WARN_OBJC_ROOT_CLASS = YES_ERROR;
				CLANG_WARN_RANGE_LOOP_ANALYSIS = YES;
				CLANG_WARN_STRICT_PROTOTYPES = YES;
				CLANG_WARN_SUSPICIOUS_MOVE = YES;
				CLANG_WARN_UNGUARDED_AVAILABILITY = YES_AGGRESSIVE;
				CLANG_WARN_UNREACHABLE_CODE = YES;
				CLANG_WARN__DUPLICATE_METHOD_MATCH = YES;
				CODE_SIGN_IDENTITY = "iPhone Developer";
				COPY_PHASE_STRIP = NO;
				DEBUG_INFORMATION_FORMAT = dwarf;
				ENABLE_STRICT_OBJC_MSGSEND = YES;
				ENABLE_TESTABILITY = YES;
				GCC_C_LANGUAGE_STANDARD = gnu11;
				GCC_DYNAMIC_NO_PIC = NO;
				GCC_NO_COMMON_BLOCKS = YES;
				GCC_OPTIMIZATION_LEVEL = 0;
				GCC_PREPROCESSOR_DEFINITIONS = (
					"DEBUG=1",
					"$(inherited)",
				);
				GCC_WARN_64_TO_32_BIT_CONVERSION = YES;
				GCC_WARN_ABOUT_RETURN_TYPE = YES_ERROR;
				GCC_WARN_UNDECLARED_SELECTOR = YES;
				GCC_WARN_UNINITIALIZED_AUTOS = YES_AGGRESSIVE;
				GCC_WARN_UNUSED_FUNCTION = YES;
				GCC_WARN_UNUSED_VARIABLE = YES;
				IPHONEOS_DEPLOYMENT_TARGET = 11.0;
				MTL_ENABLE_DEBUG_INFO = YES;
				ONLY_ACTIVE_ARCH = YES;
				SDKROOT = iphoneos;
				VALID_ARCHS = "arm64 armv7";
			};
			name = Debug;
		};
		153C55B41F826F790008B223 /* Release */ = {
			isa = XCBuildConfiguration;
			buildSettings = {
				ALWAYS_SEARCH_USER_PATHS = NO;
				CLANG_ANALYZER_NONNULL = YES;
				CLANG_ANALYZER_NUMBER_OBJECT_CONVERSION = YES_AGGRESSIVE;
				CLANG_CXX_LANGUAGE_STANDARD = "gnu++14";
				CLANG_CXX_LIBRARY = "libc++";
				CLANG_ENABLE_MODULES = YES;
				CLANG_ENABLE_OBJC_ARC = YES;
				CLANG_WARN_BLOCK_CAPTURE_AUTORELEASING = YES;
				CLANG_WARN_BOOL_CONVERSION = YES;
				CLANG_WARN_COMMA = YES;
				CLANG_WARN_CONSTANT_CONVERSION = YES;
				CLANG_WARN_DIRECT_OBJC_ISA_USAGE = YES_ERROR;
				CLANG_WARN_DOCUMENTATION_COMMENTS = YES;
				CLANG_WARN_EMPTY_BODY = YES;
				CLANG_WARN_ENUM_CONVERSION = YES;
				CLANG_WARN_INFINITE_RECURSION = YES;
				CLANG_WARN_INT_CONVERSION = YES;
				CLANG_WARN_NON_LITERAL_NULL_CONVERSION = YES;
				CLANG_WARN_OBJC_LITERAL_CONVERSION = YES;
				CLANG_WARN_OBJC_ROOT_CLASS = YES_ERROR;
				CLANG_WARN_RANGE_LOOP_ANALYSIS = YES;
				CLANG_WARN_STRICT_PROTOTYPES = YES;
				CLANG_WARN_SUSPICIOUS_MOVE = YES;
				CLANG_WARN_UNGUARDED_AVAILABILITY = YES_AGGRESSIVE;
				CLANG_WARN_UNREACHABLE_CODE = YES;
				CLANG_WARN__DUPLICATE_METHOD_MATCH = YES;
				CODE_SIGN_IDENTITY = "iPhone Developer";
				COPY_PHASE_STRIP = NO;
				DEBUG_INFORMATION_FORMAT = "dwarf-with-dsym";
				ENABLE_NS_ASSERTIONS = NO;
				ENABLE_STRICT_OBJC_MSGSEND = YES;
				GCC_C_LANGUAGE_STANDARD = gnu11;
				GCC_NO_COMMON_BLOCKS = YES;
				GCC_WARN_64_TO_32_BIT_CONVERSION = YES;
				GCC_WARN_ABOUT_RETURN_TYPE = YES_ERROR;
				GCC_WARN_UNDECLARED_SELECTOR = YES;
				GCC_WARN_UNINITIALIZED_AUTOS = YES_AGGRESSIVE;
				GCC_WARN_UNUSED_FUNCTION = YES;
				GCC_WARN_UNUSED_VARIABLE = YES;
				IPHONEOS_DEPLOYMENT_TARGET = 11.0;
				MTL_ENABLE_DEBUG_INFO = NO;
				ONLY_ACTIVE_ARCH = YES;
				SDKROOT = iphoneos;
				VALIDATE_PRODUCT = YES;
				VALID_ARCHS = "arm64 armv7";
			};
			name = Release;
		};
		153C55B61F826F790008B223 /* Debug */ = {
			isa = XCBuildConfiguration;
			baseConfigurationReference = 9B44CAD9D35EFE6DF9904979 /* Pods-DigitalDriftPractice.debug.xcconfig */;
			buildSettings = {
				ASSETCATALOG_COMPILER_APPICON_NAME = AppIcon;
				CODE_SIGN_STYLE = Automatic;
				DEVELOPMENT_TEAM = 78Y9MSJT25;
				INFOPLIST_FILE = DigitalDriftPractice/Info.plist;
				LD_RUNPATH_SEARCH_PATHS = "$(inherited) @executable_path/Frameworks";
				ONLY_ACTIVE_ARCH = YES;
				PRODUCT_BUNDLE_IDENTIFIER = com.example.DigitalDriftPractice;
				PRODUCT_NAME = "$(TARGET_NAME)";
				TARGETED_DEVICE_FAMILY = "1,2";
				VALID_ARCHS = "arm64 armv7";
			};
			name = Debug;
		};
		153C55B71F826F790008B223 /* Release */ = {
			isa = XCBuildConfiguration;
			baseConfigurationReference = 39F6D25664F3FF6AE541DDDF /* Pods-DigitalDriftPractice.release.xcconfig */;
			buildSettings = {
				ASSETCATALOG_COMPILER_APPICON_NAME = AppIcon;
				CODE_SIGN_STYLE = Automatic;
				DEVELOPMENT_TEAM = 78Y9MSJT25;
				INFOPLIST_FILE = DigitalDriftPractice/Info.plist;
				LD_RUNPATH_SEARCH_PATHS = "$(inherited) @executable_path/Frameworks";
				ONLY_ACTIVE_ARCH = YES;
				PRODUCT_BUNDLE_IDENTIFIER = com.example.DigitalDriftPractice;
				PRODUCT_NAME = "$(TARGET_NAME)";
				TARGETED_DEVICE_FAMILY = "1,2";
				VALID_ARCHS = "arm64 armv7";
			};
			name = Release;
		};
/* End XCBuildConfiguration section */

/* Begin XCConfigurationList section */
		153C559A1F826F780008B223 /* Build configuration list for PBXProject "DigitalDriftPractice" */ = {
			isa = XCConfigurationList;
			buildConfigurations = (
				153C55B31F826F790008B223 /* Debug */,
				153C55B41F826F790008B223 /* Release */,
			);
			defaultConfigurationIsVisible = 0;
			defaultConfigurationName = Release;
		};
		153C55B51F826F790008B223 /* Build configuration list for PBXNativeTarget "DigitalDriftPractice" */ = {
			isa = XCConfigurationList;
			buildConfigurations = (
				153C55B61F826F790008B223 /* Debug */,
				153C55B71F826F790008B223 /* Release */,
			);
			defaultConfigurationIsVisible = 0;
			defaultConfigurationName = Release;
		};
/* End XCConfigurationList section */
	};
	rootObject = 153C55971F826F780008B223 /* Project object */;
}
